# This file is automatically @generated by Cargo.
# It is not intended for manual editing.
version = 4

[[package]]
name = "anyhow"
version = "1.0.97"
source = "registry+https://github.com/rust-lang/crates.io-index"
checksum = "dcfed56ad506cb2c684a14971b8861fdc3baaaae314b9e5f9bb532cbe3ba7a4f"

[[package]]
name = "chibicc"
version = "0.1.0"
dependencies = [
 "anyhow",
 "itertools",
 "lexical",
 "maplit",
]

[[package]]
name = "either"
version = "1.14.0"
source = "registry+https://github.com/rust-lang/crates.io-index"
checksum = "b7914353092ddf589ad78f25c5c1c21b7f80b0ff8621e7c814c3485b5306da9d"

[[package]]
name = "itertools"
version = "0.14.0"
source = "registry+https://github.com/rust-lang/crates.io-index"
checksum = "2b192c782037fadd9cfa75548310488aabdbf3d2da73885b31bd0abd03351285"
dependencies = [
 "either",
]

[[package]]
name = "lexical"
version = "7.0.4"
source = "registry+https://github.com/rust-lang/crates.io-index"
checksum = "70ed980ff02623721dc334b9105150b66d0e1f246a92ab5a2eca0335d54c48f6"
dependencies = [
 "lexical-core",
]

[[package]]
name = "lexical-core"
version = "1.0.5"
source = "registry+https://github.com/rust-lang/crates.io-index"
checksum = "b765c31809609075565a70b4b71402281283aeda7ecaf4818ac14a7b2ade8958"
dependencies = [
 "lexical-parse-float",
 "lexical-parse-integer",
 "lexical-util",
 "lexical-write-float",
 "lexical-write-integer",
]

[[package]]
name = "lexical-parse-float"
version = "1.0.5"
source = "registry+https://github.com/rust-lang/crates.io-index"
checksum = "de6f9cb01fb0b08060209a057c048fcbab8717b4c1ecd2eac66ebfe39a65b0f2"
dependencies = [
 "lexical-parse-integer",
 "lexical-util",
 "static_assertions",
]

[[package]]
name = "lexical-parse-integer"
version = "1.0.5"
source = "registry+https://github.com/rust-lang/crates.io-index"
checksum = "72207aae22fc0a121ba7b6d479e42cbfea549af1479c3f3a4f12c70dd66df12e"
dependencies = [
 "lexical-util",
 "static_assertions",
]

[[package]]
name = "lexical-util"
version = "1.0.6"
source = "registry+https://github.com/rust-lang/crates.io-index"
checksum = "5a82e24bf537fd24c177ffbbdc6ebcc8d54732c35b50a3f28cc3f4e4c949a0b3"
dependencies = [
 "static_assertions",
]

[[package]]
name = "lexical-write-float"
version = "1.0.5"
source = "registry+https://github.com/rust-lang/crates.io-index"
checksum = "c5afc668a27f460fb45a81a757b6bf2f43c2d7e30cb5a2dcd3abf294c78d62bd"
dependencies = [
 "lexical-util",
 "lexical-write-integer",
 "static_assertions",
]

[[package]]
name = "lexical-write-integer"
version = "1.0.5"
source = "registry+https://github.com/rust-lang/crates.io-index"
checksum = "629ddff1a914a836fb245616a7888b62903aae58fa771e1d83943035efa0f978"
dependencies = [
 "lexical-util",
 "static_assertions",
]

[[package]]
name = "maplit"
version = "1.0.2"
source = "registry+https://github.com/rust-lang/crates.io-index"
checksum = "3e2e65a1a2e43cfcb47a895c4c8b10d1f4a61097f9f254f183aee60cad9c651d"

[[package]]
name = "static_assertions"
version = "1.1.0"
source = "registry+https://github.com/rust-lang/crates.io-index"
checksum = "a2eb9349b6444b326872e140eb1cf5e7c522154d69e7a0ffb0fb81c06b37543f"
